
Microsoft Visual Studio Solution File, Format Version 12.00
# Visual Studio Version 16
VisualStudioVersion = 16.0.30225.117
MinimumVisualStudioVersion = 10.0.40219.1
Project("{FAE04EC0-301F-11D3-BF4B-00C04F79EFBC}") = "TechExpozedContactForm", "TechExpozedContactForm\TechExpozedContactForm.csproj", "{CF0CA500-3681-4EF3-AC68-8EED8955E7F7}"
EndProject
Global
	GlobalSection(SolutionConfigurationPlatforms) = preSolution
		Debug|Any CPU = Debug|Any CPU
		Release|Any CPU = Release|Any CPU
	EndGlobalSection
	GlobalSection(ProjectConfigurationPlatforms) = postSolution
		{CF0CA500-3681-4EF3-AC68-8EED8955E7F7}.Debug|Any CPU.ActiveCfg = Debug|Any CPU
		{CF0CA500-3681-4EF3-AC68-8EED8955E7F7}.Debug|Any CPU.Build.0 = Debug|Any CPU
		{CF0CA500-3681-4EF3-AC68-8EED8955E7F7}.Release|Any CPU.ActiveCfg = Release|Any CPU
		{CF0CA500-3681-4EF3-AC68-8EED8955E7F7}.Release|Any CPU.Build.0 = Release|Any CPU
	EndGlobalSection
	GlobalSection(SolutionProperties) = preSolution
		HideSolutionNode = FALSE
	EndGlobalSection
	GlobalSection(ExtensibilityGlobals) = postSolution
		SolutionGuid = {01C9AC8E-CA18-4A46-B1BB-7879AFCE2933}
	EndGlobalSection
EndGlobal
